// !$*UTF8*$!
{
	archiveVersion = 1;
	classes = {
	};
	objectVersion = 56;
	objects = {

/* Begin PBXBuildFile section */
		8F0989972CF1B300008830BF /* CourseListDTO.swift in Sources */ = {isa = PBXBuildFile; fileRef = 8F0989962CF1B300008830BF /* CourseListDTO.swift */; };
		8F0989992CF1C00D008830BF /* CourseDTO.swift in Sources */ = {isa = PBXBuildFile; fileRef = 8F0989982CF1C00D008830BF /* CourseDTO.swift */; };
		8F13DDCE2CEDA0BE00CE488D /* DetailNotificationView.swift in Sources */ = {isa = PBXBuildFile; fileRef = 8F13DDCD2CEDA0BE00CE488D /* DetailNotificationView.swift */; };
		8F13DDD12CEF047800CE488D /* Weather.swift in Sources */ = {isa = PBXBuildFile; fileRef = 8F13DDD02CEF047800CE488D /* Weather.swift */; };
		8F13DDD42CEF08DD00CE488D /* HomeView.swift in Sources */ = {isa = PBXBuildFile; fileRef = 8F13DDD32CEF08DD00CE488D /* HomeView.swift */; };
		8F13DDD62CEF13C500CE488D /* HomeCourseView.swift in Sources */ = {isa = PBXBuildFile; fileRef = 8F13DDD52CEF13C500CE488D /* HomeCourseView.swift */; };
		8F13DDDA2CEF222400CE488D /* CombineMoya in Frameworks */ = {isa = PBXBuildFile; productRef = 8F13DDD92CEF222400CE488D /* CombineMoya */; };
		8F13DDDC2CEF222400CE488D /* Moya in Frameworks */ = {isa = PBXBuildFile; productRef = 8F13DDDB2CEF222400CE488D /* Moya */; };
		8F13DDDE2CEF222400CE488D /* ReactiveMoya in Frameworks */ = {isa = PBXBuildFile; productRef = 8F13DDDD2CEF222400CE488D /* ReactiveMoya */; };
		8F13DDE02CEF222400CE488D /* RxMoya in Frameworks */ = {isa = PBXBuildFile; productRef = 8F13DDDF2CEF222400CE488D /* RxMoya */; };
		8F13DDE22CEF229600CE488D /* NetworkManager.swift in Sources */ = {isa = PBXBuildFile; fileRef = 8F13DDE12CEF229600CE488D /* NetworkManager.swift */; };
		8F13DDE42CEF230100CE488D /* MoyaManager.swift in Sources */ = {isa = PBXBuildFile; fileRef = 8F13DDE32CEF230100CE488D /* MoyaManager.swift */; };
		8F13DDE62CEF4EAA00CE488D /* WebView.swift in Sources */ = {isa = PBXBuildFile; fileRef = 8F13DDE52CEF4EAA00CE488D /* WebView.swift */; };
		8F13DDE82CEF501D00CE488D /* OnboardingView.swift in Sources */ = {isa = PBXBuildFile; fileRef = 8F13DDE72CEF501D00CE488D /* OnboardingView.swift */; };
		8F13DDEA2CF03FEE00CE488D /* WeatherDTO.swift in Sources */ = {isa = PBXBuildFile; fileRef = 8F13DDE92CF03FEE00CE488D /* WeatherDTO.swift */; };
		8F13DDF62CF0803100CE488D /* CourseSaveView.swift in Sources */ = {isa = PBXBuildFile; fileRef = 8F13DDF52CF0803100CE488D /* CourseSaveView.swift */; };
		8F13DDF82CF0DF4900CE488D /* CourseWebView.swift in Sources */ = {isa = PBXBuildFile; fileRef = 8F13DDF72CF0DF4800CE488D /* CourseWebView.swift */; };
		8F14B3B72CEB3C1E0080CACA /* CourseResultView.swift in Sources */ = {isa = PBXBuildFile; fileRef = 8F14B3B62CEB3C1E0080CACA /* CourseResultView.swift */; };
		8F14B3BB2CEB49540080CACA /* MapView.swift in Sources */ = {isa = PBXBuildFile; fileRef = 8F14B3BA2CEB49540080CACA /* MapView.swift */; };
		8F14B3BE2CEB49E80080CACA /* KakaoMapsSDK-SPM in Frameworks */ = {isa = PBXBuildFile; productRef = 8F14B3BD2CEB49E80080CACA /* KakaoMapsSDK-SPM */; };
		8F14B3C02CEB4A3F0080CACA /* MapCoordinator.swift in Sources */ = {isa = PBXBuildFile; fileRef = 8F14B3BF2CEB4A3F0080CACA /* MapCoordinator.swift */; };
		8F25A9D22CEAFA3200223ADD /* MOHAENGApp.swift in Sources */ = {isa = PBXBuildFile; fileRef = 8F25A9D12CEAFA3200223ADD /* MOHAENGApp.swift */; };
		8F25A9D42CEAFA3200223ADD /* ContentView.swift in Sources */ = {isa = PBXBuildFile; fileRef = 8F25A9D32CEAFA3200223ADD /* ContentView.swift */; };
		8F25A9D62CEAFA3600223ADD /* Assets.xcassets in Resources */ = {isa = PBXBuildFile; fileRef = 8F25A9D52CEAFA3600223ADD /* Assets.xcassets */; };
		8F25A9D92CEAFA3600223ADD /* Preview Assets.xcassets in Resources */ = {isa = PBXBuildFile; fileRef = 8F25A9D82CEAFA3600223ADD /* Preview Assets.xcassets */; };
		8F60329A2CEB33C5000D2B55 /* Bundle+.swift in Sources */ = {isa = PBXBuildFile; fileRef = 8F6032992CEB33C5000D2B55 /* Bundle+.swift */; };
		8F648C2E2CEB58820045BDDC /* DaysComponent.swift in Sources */ = {isa = PBXBuildFile; fileRef = 8F648C2D2CEB58820045BDDC /* DaysComponent.swift */; };
		8F648C302CEB58AE0045BDDC /* Color+.swift in Sources */ = {isa = PBXBuildFile; fileRef = 8F648C2F2CEB58AE0045BDDC /* Color+.swift */; };
		8F648C322CEC46600045BDDC /* CourseListView.swift in Sources */ = {isa = PBXBuildFile; fileRef = 8F648C312CEC46600045BDDC /* CourseListView.swift */; };
		8F648C342CEC495B0045BDDC /* CourseView.swift in Sources */ = {isa = PBXBuildFile; fileRef = 8F648C332CEC495B0045BDDC /* CourseView.swift */; };
		8F648C382CEC5FAA0045BDDC /* Button+.swift in Sources */ = {isa = PBXBuildFile; fileRef = 8F648C372CEC5FAA0045BDDC /* Button+.swift */; };
		8F648C3B2CEC76830045BDDC /* DetailResultView.swift in Sources */ = {isa = PBXBuildFile; fileRef = 8F648C3A2CEC76830045BDDC /* DetailResultView.swift */; };
		8F648C3D2CEC78090045BDDC /* DetailBottomSheetView.swift in Sources */ = {isa = PBXBuildFile; fileRef = 8F648C3C2CEC78090045BDDC /* DetailBottomSheetView.swift */; };
		8F648C3F2CEC78110045BDDC /* DetailWeatherView.swift in Sources */ = {isa = PBXBuildFile; fileRef = 8F648C3E2CEC78110045BDDC /* DetailWeatherView.swift */; };
		8F648C412CEC782F0045BDDC /* DetailCourseView.swift in Sources */ = {isa = PBXBuildFile; fileRef = 8F648C402CEC782F0045BDDC /* DetailCourseView.swift */; };
		8F648C452CEC79490045BDDC /* CustomCorner.swift in Sources */ = {isa = PBXBuildFile; fileRef = 8F648C442CEC79490045BDDC /* CustomCorner.swift */; };
		8F648C482CEC7DCE0045BDDC /* DetailSegmentView.swift in Sources */ = {isa = PBXBuildFile; fileRef = 8F648C472CEC7DCE0045BDDC /* DetailSegmentView.swift */; };
		8F648C4A2CEC88F50045BDDC /* DetailTitleView.swift in Sources */ = {isa = PBXBuildFile; fileRef = 8F648C492CEC88F50045BDDC /* DetailTitleView.swift */; };
		8F648C4C2CEC89450045BDDC /* SegmentedControl.swift in Sources */ = {isa = PBXBuildFile; fileRef = 8F648C4B2CEC89450045BDDC /* SegmentedControl.swift */; };
/* End PBXBuildFile section */

/* Begin PBXFileReference section */
		8F0989962CF1B300008830BF /* CourseListDTO.swift */ = {isa = PBXFileReference; lastKnownFileType = sourcecode.swift; path = CourseListDTO.swift; sourceTree = "<group>"; };
		8F0989982CF1C00D008830BF /* CourseDTO.swift */ = {isa = PBXFileReference; lastKnownFileType = sourcecode.swift; path = CourseDTO.swift; sourceTree = "<group>"; };
		8F13DDCD2CEDA0BE00CE488D /* DetailNotificationView.swift */ = {isa = PBXFileReference; lastKnownFileType = sourcecode.swift; path = DetailNotificationView.swift; sourceTree = "<group>"; };
		8F13DDD02CEF047800CE488D /* Weather.swift */ = {isa = PBXFileReference; lastKnownFileType = sourcecode.swift; path = Weather.swift; sourceTree = "<group>"; };
		8F13DDD32CEF08DD00CE488D /* HomeView.swift */ = {isa = PBXFileReference; lastKnownFileType = sourcecode.swift; path = HomeView.swift; sourceTree = "<group>"; };
		8F13DDD52CEF13C500CE488D /* HomeCourseView.swift */ = {isa = PBXFileReference; lastKnownFileType = sourcecode.swift; path = HomeCourseView.swift; sourceTree = "<group>"; };
		8F13DDE12CEF229600CE488D /* NetworkManager.swift */ = {isa = PBXFileReference; lastKnownFileType = sourcecode.swift; path = NetworkManager.swift; sourceTree = "<group>"; };
		8F13DDE32CEF230100CE488D /* MoyaManager.swift */ = {isa = PBXFileReference; lastKnownFileType = sourcecode.swift; path = MoyaManager.swift; sourceTree = "<group>"; };
		8F13DDE52CEF4EAA00CE488D /* WebView.swift */ = {isa = PBXFileReference; lastKnownFileType = sourcecode.swift; path = WebView.swift; sourceTree = "<group>"; };
		8F13DDE72CEF501D00CE488D /* OnboardingView.swift */ = {isa = PBXFileReference; lastKnownFileType = sourcecode.swift; path = OnboardingView.swift; sourceTree = "<group>"; };
		8F13DDE92CF03FEE00CE488D /* WeatherDTO.swift */ = {isa = PBXFileReference; lastKnownFileType = sourcecode.swift; path = WeatherDTO.swift; sourceTree = "<group>"; };
		8F13DDF52CF0803100CE488D /* CourseSaveView.swift */ = {isa = PBXFileReference; lastKnownFileType = sourcecode.swift; path = CourseSaveView.swift; sourceTree = "<group>"; };
		8F13DDF72CF0DF4800CE488D /* CourseWebView.swift */ = {isa = PBXFileReference; lastKnownFileType = sourcecode.swift; path = CourseWebView.swift; sourceTree = "<group>"; };
		8F14B3B62CEB3C1E0080CACA /* CourseResultView.swift */ = {isa = PBXFileReference; lastKnownFileType = sourcecode.swift; path = CourseResultView.swift; sourceTree = "<group>"; };
		8F14B3BA2CEB49540080CACA /* MapView.swift */ = {isa = PBXFileReference; lastKnownFileType = sourcecode.swift; path = MapView.swift; sourceTree = "<group>"; };
		8F14B3BF2CEB4A3F0080CACA /* MapCoordinator.swift */ = {isa = PBXFileReference; lastKnownFileType = sourcecode.swift; path = MapCoordinator.swift; sourceTree = "<group>"; };
		8F25A9CE2CEAFA3200223ADD /* MOHAENG.app */ = {isa = PBXFileReference; explicitFileType = wrapper.application; includeInIndex = 0; path = MOHAENG.app; sourceTree = BUILT_PRODUCTS_DIR; };
		8F25A9D12CEAFA3200223ADD /* MOHAENGApp.swift */ = {isa = PBXFileReference; lastKnownFileType = sourcecode.swift; path = MOHAENGApp.swift; sourceTree = "<group>"; };
		8F25A9D32CEAFA3200223ADD /* ContentView.swift */ = {isa = PBXFileReference; lastKnownFileType = sourcecode.swift; path = ContentView.swift; sourceTree = "<group>"; };
		8F25A9D52CEAFA3600223ADD /* Assets.xcassets */ = {isa = PBXFileReference; lastKnownFileType = folder.assetcatalog; path = Assets.xcassets; sourceTree = "<group>"; };
		8F25A9D82CEAFA3600223ADD /* Preview Assets.xcassets */ = {isa = PBXFileReference; lastKnownFileType = folder.assetcatalog; path = "Preview Assets.xcassets"; sourceTree = "<group>"; };
		8F25A9DF2CEAFA8A00223ADD /* Info.plist */ = {isa = PBXFileReference; lastKnownFileType = text.plist; path = Info.plist; sourceTree = "<group>"; };
		8F6032972CEB3222000D2B55 /* Secret.xcconfig */ = {isa = PBXFileReference; lastKnownFileType = text.xcconfig; path = Secret.xcconfig; sourceTree = "<group>"; };
		8F6032992CEB33C5000D2B55 /* Bundle+.swift */ = {isa = PBXFileReference; lastKnownFileType = sourcecode.swift; path = "Bundle+.swift"; sourceTree = "<group>"; };
		8F648C2D2CEB58820045BDDC /* DaysComponent.swift */ = {isa = PBXFileReference; lastKnownFileType = sourcecode.swift; path = DaysComponent.swift; sourceTree = "<group>"; };
		8F648C2F2CEB58AE0045BDDC /* Color+.swift */ = {isa = PBXFileReference; lastKnownFileType = sourcecode.swift; path = "Color+.swift"; sourceTree = "<group>"; };
		8F648C312CEC46600045BDDC /* CourseListView.swift */ = {isa = PBXFileReference; lastKnownFileType = sourcecode.swift; path = CourseListView.swift; sourceTree = "<group>"; };
		8F648C332CEC495B0045BDDC /* CourseView.swift */ = {isa = PBXFileReference; lastKnownFileType = sourcecode.swift; path = CourseView.swift; sourceTree = "<group>"; };
		8F648C372CEC5FAA0045BDDC /* Button+.swift */ = {isa = PBXFileReference; lastKnownFileType = sourcecode.swift; path = "Button+.swift"; sourceTree = "<group>"; };
		8F648C3A2CEC76830045BDDC /* DetailResultView.swift */ = {isa = PBXFileReference; lastKnownFileType = sourcecode.swift; path = DetailResultView.swift; sourceTree = "<group>"; };
		8F648C3C2CEC78090045BDDC /* DetailBottomSheetView.swift */ = {isa = PBXFileReference; lastKnownFileType = sourcecode.swift; path = DetailBottomSheetView.swift; sourceTree = "<group>"; };
		8F648C3E2CEC78110045BDDC /* DetailWeatherView.swift */ = {isa = PBXFileReference; lastKnownFileType = sourcecode.swift; path = DetailWeatherView.swift; sourceTree = "<group>"; };
		8F648C402CEC782F0045BDDC /* DetailCourseView.swift */ = {isa = PBXFileReference; lastKnownFileType = sourcecode.swift; path = DetailCourseView.swift; sourceTree = "<group>"; };
		8F648C442CEC79490045BDDC /* CustomCorner.swift */ = {isa = PBXFileReference; lastKnownFileType = sourcecode.swift; path = CustomCorner.swift; sourceTree = "<group>"; };
		8F648C472CEC7DCE0045BDDC /* DetailSegmentView.swift */ = {isa = PBXFileReference; lastKnownFileType = sourcecode.swift; path = DetailSegmentView.swift; sourceTree = "<group>"; };
		8F648C492CEC88F50045BDDC /* DetailTitleView.swift */ = {isa = PBXFileReference; lastKnownFileType = sourcecode.swift; path = DetailTitleView.swift; sourceTree = "<group>"; };
		8F648C4B2CEC89450045BDDC /* SegmentedControl.swift */ = {isa = PBXFileReference; lastKnownFileType = sourcecode.swift; path = SegmentedControl.swift; sourceTree = "<group>"; };
/* End PBXFileReference section */

/* Begin PBXFrameworksBuildPhase section */
		8F25A9CB2CEAFA3200223ADD /* Frameworks */ = {
			isa = PBXFrameworksBuildPhase;
			buildActionMask = 2147483647;
			files = (
				8F13DDE02CEF222400CE488D /* RxMoya in Frameworks */,
				8F13DDDA2CEF222400CE488D /* CombineMoya in Frameworks */,
				8F13DDDE2CEF222400CE488D /* ReactiveMoya in Frameworks */,
				8F14B3BE2CEB49E80080CACA /* KakaoMapsSDK-SPM in Frameworks */,
				8F13DDDC2CEF222400CE488D /* Moya in Frameworks */,
			);
			runOnlyForDeploymentPostprocessing = 0;
		};
/* End PBXFrameworksBuildPhase section */

/* Begin PBXGroup section */
		8F13DDCF2CEF046C00CE488D /* Model */ = {
			isa = PBXGroup;
			children = (
				8F13DDD02CEF047800CE488D /* Weather.swift */,
				8F13DDE92CF03FEE00CE488D /* WeatherDTO.swift */,
				8F0989962CF1B300008830BF /* CourseListDTO.swift */,
				8F0989982CF1C00D008830BF /* CourseDTO.swift */,
			);
			name = Model;
			sourceTree = "<group>";
		};
		8F13DDD22CEF08D400CE488D /* Home */ = {
			isa = PBXGroup;
			children = (
				8F13DDD32CEF08DD00CE488D /* HomeView.swift */,
				8F13DDD52CEF13C500CE488D /* HomeCourseView.swift */,
				8F13DDE72CEF501D00CE488D /* OnboardingView.swift */,
			);
			path = Home;
			sourceTree = "<group>";
		};
		8F13DDD72CEF213900CE488D /* Network */ = {
			isa = PBXGroup;
			children = (
				8F13DDE12CEF229600CE488D /* NetworkManager.swift */,
				8F13DDE32CEF230100CE488D /* MoyaManager.swift */,
			);
			path = Network;
			sourceTree = "<group>";
		};
		8F14B3B42CEB3B450080CACA /* Presentation */ = {
			isa = PBXGroup;
			children = (
				8F13DDD22CEF08D400CE488D /* Home */,
				8F648C392CEC76780045BDDC /* Detail */,
				8F14B3B92CEB49470080CACA /* Map */,
				8F14B3B52CEB3C080080CACA /* Course */,
				8F648C2C2CEB575E0045BDDC /* Custom */,
			);
			path = Presentation;
			sourceTree = "<group>";
		};
		8F14B3B52CEB3C080080CACA /* Course */ = {
			isa = PBXGroup;
			children = (
				8F14B3B62CEB3C1E0080CACA /* CourseResultView.swift */,
				8F648C312CEC46600045BDDC /* CourseListView.swift */,
				8F648C332CEC495B0045BDDC /* CourseView.swift */,
				8F13DDF52CF0803100CE488D /* CourseSaveView.swift */,
				8F13DDF72CF0DF4800CE488D /* CourseWebView.swift */,
			);
			path = Course;
			sourceTree = "<group>";
		};
		8F14B3B92CEB49470080CACA /* Map */ = {
			isa = PBXGroup;
			children = (
				8F14B3BA2CEB49540080CACA /* MapView.swift */,
				8F14B3BF2CEB4A3F0080CACA /* MapCoordinator.swift */,
			);
			path = Map;
			sourceTree = "<group>";
		};
		8F25A9C52CEAFA3200223ADD = {
			isa = PBXGroup;
			children = (
				8F25A9D02CEAFA3200223ADD /* MOHAENG */,
				8F25A9CF2CEAFA3200223ADD /* Products */,
			);
			sourceTree = "<group>";
		};
		8F25A9CF2CEAFA3200223ADD /* Products */ = {
			isa = PBXGroup;
			children = (
				8F25A9CE2CEAFA3200223ADD /* MOHAENG.app */,
			);
			name = Products;
			sourceTree = "<group>";
		};
		8F25A9D02CEAFA3200223ADD /* MOHAENG */ = {
			isa = PBXGroup;
			children = (
				8F6032972CEB3222000D2B55 /* Secret.xcconfig */,
				8F25A9DF2CEAFA8A00223ADD /* Info.plist */,
				8F25A9D12CEAFA3200223ADD /* MOHAENGApp.swift */,
				8F25A9D32CEAFA3200223ADD /* ContentView.swift */,
				8F13DDD72CEF213900CE488D /* Network */,
				8F13DDCF2CEF046C00CE488D /* Model */,
				8F14B3B42CEB3B450080CACA /* Presentation */,
				8F6032982CEB33BC000D2B55 /* Extension */,
				8F25A9D52CEAFA3600223ADD /* Assets.xcassets */,
				8F25A9D72CEAFA3600223ADD /* Preview Content */,
			);
			path = MOHAENG;
			sourceTree = "<group>";
		};
		8F25A9D72CEAFA3600223ADD /* Preview Content */ = {
			isa = PBXGroup;
			children = (
				8F25A9D82CEAFA3600223ADD /* Preview Assets.xcassets */,
			);
			path = "Preview Content";
			sourceTree = "<group>";
		};
		8F6032982CEB33BC000D2B55 /* Extension */ = {
			isa = PBXGroup;
			children = (
				8F6032992CEB33C5000D2B55 /* Bundle+.swift */,
				8F648C2F2CEB58AE0045BDDC /* Color+.swift */,
				8F648C372CEC5FAA0045BDDC /* Button+.swift */,
			);
			path = Extension;
			sourceTree = "<group>";
		};
		8F648C2C2CEB575E0045BDDC /* Custom */ = {
			isa = PBXGroup;
			children = (
				8F648C2D2CEB58820045BDDC /* DaysComponent.swift */,
				8F13DDE52CEF4EAA00CE488D /* WebView.swift */,
				8F648C4B2CEC89450045BDDC /* SegmentedControl.swift */,
				8F648C462CEC79520045BDDC /* BottomSheet */,
			);
			path = Custom;
			sourceTree = "<group>";
		};
		8F648C392CEC76780045BDDC /* Detail */ = {
			isa = PBXGroup;
			children = (
				8F648C3A2CEC76830045BDDC /* DetailResultView.swift */,
				8F648C3C2CEC78090045BDDC /* DetailBottomSheetView.swift */,
				8F648C472CEC7DCE0045BDDC /* DetailSegmentView.swift */,
				8F648C492CEC88F50045BDDC /* DetailTitleView.swift */,
				8F13DDCD2CEDA0BE00CE488D /* DetailNotificationView.swift */,
				8F648C402CEC782F0045BDDC /* DetailCourseView.swift */,
				8F648C3E2CEC78110045BDDC /* DetailWeatherView.swift */,
			);
			path = Detail;
			sourceTree = "<group>";
		};
		8F648C462CEC79520045BDDC /* BottomSheet */ = {
			isa = PBXGroup;
			children = (
				8F648C442CEC79490045BDDC /* CustomCorner.swift */,
			);
			path = BottomSheet;
			sourceTree = "<group>";
		};
/* End PBXGroup section */

/* Begin PBXNativeTarget section */
		8F25A9CD2CEAFA3200223ADD /* MOHAENG */ = {
			isa = PBXNativeTarget;
			buildConfigurationList = 8F25A9DC2CEAFA3600223ADD /* Build configuration list for PBXNativeTarget "MOHAENG" */;
			buildPhases = (
				8F25A9CA2CEAFA3200223ADD /* Sources */,
				8F25A9CB2CEAFA3200223ADD /* Frameworks */,
				8F25A9CC2CEAFA3200223ADD /* Resources */,
			);
			buildRules = (
			);
			dependencies = (
			);
			name = MOHAENG;
			packageProductDependencies = (
				8F14B3BD2CEB49E80080CACA /* KakaoMapsSDK-SPM */,
				8F13DDD92CEF222400CE488D /* CombineMoya */,
				8F13DDDB2CEF222400CE488D /* Moya */,
				8F13DDDD2CEF222400CE488D /* ReactiveMoya */,
				8F13DDDF2CEF222400CE488D /* RxMoya */,
			);
			productName = MOHAENG;
			productReference = 8F25A9CE2CEAFA3200223ADD /* MOHAENG.app */;
			productType = "com.apple.product-type.application";
		};
/* End PBXNativeTarget section */

/* Begin PBXProject section */
		8F25A9C62CEAFA3200223ADD /* Project object */ = {
			isa = PBXProject;
			attributes = {
				BuildIndependentTargetsInParallel = 1;
				LastSwiftUpdateCheck = 1540;
				LastUpgradeCheck = 1540;
				TargetAttributes = {
					8F25A9CD2CEAFA3200223ADD = {
						CreatedOnToolsVersion = 15.4;
					};
				};
			};
			buildConfigurationList = 8F25A9C92CEAFA3200223ADD /* Build configuration list for PBXProject "MOHAENG" */;
			compatibilityVersion = "Xcode 14.0";
			developmentRegion = en;
			hasScannedForEncodings = 0;
			knownRegions = (
				en,
				Base,
			);
			mainGroup = 8F25A9C52CEAFA3200223ADD;
			packageReferences = (
				8F14B3BC2CEB49E80080CACA /* XCRemoteSwiftPackageReference "KakaoMapsSDK-SPM" */,
				8F13DDD82CEF222400CE488D /* XCRemoteSwiftPackageReference "Moya" */,
			);
			productRefGroup = 8F25A9CF2CEAFA3200223ADD /* Products */;
			projectDirPath = "";
			projectRoot = "";
			targets = (
				8F25A9CD2CEAFA3200223ADD /* MOHAENG */,
			);
		};
/* End PBXProject section */

/* Begin PBXResourcesBuildPhase section */
		8F25A9CC2CEAFA3200223ADD /* Resources */ = {
			isa = PBXResourcesBuildPhase;
			buildActionMask = 2147483647;
			files = (
				8F25A9D92CEAFA3600223ADD /* Preview Assets.xcassets in Resources */,
				8F25A9D62CEAFA3600223ADD /* Assets.xcassets in Resources */,
			);
			runOnlyForDeploymentPostprocessing = 0;
		};
/* End PBXResourcesBuildPhase section */

/* Begin PBXSourcesBuildPhase section */
		8F25A9CA2CEAFA3200223ADD /* Sources */ = {
			isa = PBXSourcesBuildPhase;
			buildActionMask = 2147483647;
			files = (
				8F13DDCE2CEDA0BE00CE488D /* DetailNotificationView.swift in Sources */,
				8F14B3B72CEB3C1E0080CACA /* CourseResultView.swift in Sources */,
				8F0989992CF1C00D008830BF /* CourseDTO.swift in Sources */,
				8F648C412CEC782F0045BDDC /* DetailCourseView.swift in Sources */,
				8F648C482CEC7DCE0045BDDC /* DetailSegmentView.swift in Sources */,
				8F648C302CEB58AE0045BDDC /* Color+.swift in Sources */,
				8F13DDD42CEF08DD00CE488D /* HomeView.swift in Sources */,
				8F0989972CF1B300008830BF /* CourseListDTO.swift in Sources */,
				8F648C4A2CEC88F50045BDDC /* DetailTitleView.swift in Sources */,
				8F60329A2CEB33C5000D2B55 /* Bundle+.swift in Sources */,
				8F13DDF82CF0DF4900CE488D /* CourseWebView.swift in Sources */,
				8F648C4C2CEC89450045BDDC /* SegmentedControl.swift in Sources */,
				8F13DDE62CEF4EAA00CE488D /* WebView.swift in Sources */,
				8F13DDD62CEF13C500CE488D /* HomeCourseView.swift in Sources */,
				8F13DDF62CF0803100CE488D /* CourseSaveView.swift in Sources */,
				8F13DDE42CEF230100CE488D /* MoyaManager.swift in Sources */,
				8F648C452CEC79490045BDDC /* CustomCorner.swift in Sources */,
				8F648C3D2CEC78090045BDDC /* DetailBottomSheetView.swift in Sources */,
				8F13DDE22CEF229600CE488D /* NetworkManager.swift in Sources */,
				8F648C382CEC5FAA0045BDDC /* Button+.swift in Sources */,
				8F648C3F2CEC78110045BDDC /* DetailWeatherView.swift in Sources */,
				8F648C3B2CEC76830045BDDC /* DetailResultView.swift in Sources */,
				8F13DDEA2CF03FEE00CE488D /* WeatherDTO.swift in Sources */,
				8F13DDD12CEF047800CE488D /* Weather.swift in Sources */,
				8F14B3BB2CEB49540080CACA /* MapView.swift in Sources */,
				8F13DDE82CEF501D00CE488D /* OnboardingView.swift in Sources */,
				8F14B3C02CEB4A3F0080CACA /* MapCoordinator.swift in Sources */,
				8F25A9D42CEAFA3200223ADD /* ContentView.swift in Sources */,
				8F648C322CEC46600045BDDC /* CourseListView.swift in Sources */,
				8F648C342CEC495B0045BDDC /* CourseView.swift in Sources */,
				8F648C2E2CEB58820045BDDC /* DaysComponent.swift in Sources */,
				8F25A9D22CEAFA3200223ADD /* MOHAENGApp.swift in Sources */,
			);
			runOnlyForDeploymentPostprocessing = 0;
		};
/* End PBXSourcesBuildPhase section */

/* Begin XCBuildConfiguration section */
		8F25A9DA2CEAFA3600223ADD /* Debug */ = {
			isa = XCBuildConfiguration;
			baseConfigurationReference = 8F6032972CEB3222000D2B55 /* Secret.xcconfig */;
			buildSettings = {
				ALWAYS_SEARCH_USER_PATHS = NO;
				ASSETCATALOG_COMPILER_GENERATE_SWIFT_ASSET_SYMBOL_EXTENSIONS = YES;
				CLANG_ANALYZER_NONNULL = YES;
				CLANG_ANALYZER_NUMBER_OBJECT_CONVERSION = YES_AGGRESSIVE;
				CLANG_CXX_LANGUAGE_STANDARD = "gnu++20";
				CLANG_ENABLE_MODULES = YES;
				CLANG_ENABLE_OBJC_ARC = YES;
				CLANG_ENABLE_OBJC_WEAK = YES;
				CLANG_WARN_BLOCK_CAPTURE_AUTORELEASING = YES;
				CLANG_WARN_BOOL_CONVERSION = YES;
				CLANG_WARN_COMMA = YES;
				CLANG_WARN_CONSTANT_CONVERSION = YES;
				CLANG_WARN_DEPRECATED_OBJC_IMPLEMENTATIONS = YES;
				CLANG_WARN_DIRECT_OBJC_ISA_USAGE = YES_ERROR;
				CLANG_WARN_DOCUMENTATION_COMMENTS = YES;
				CLANG_WARN_EMPTY_BODY = YES;
				CLANG_WARN_ENUM_CONVERSION = YES;
				CLANG_WARN_INFINITE_RECURSION = YES;
				CLANG_WARN_INT_CONVERSION = YES;
				CLANG_WARN_NON_LITERAL_NULL_CONVERSION = YES;
				CLANG_WARN_OBJC_IMPLICIT_RETAIN_SELF = YES;
				CLANG_WARN_OBJC_LITERAL_CONVERSION = YES;
				CLANG_WARN_OBJC_ROOT_CLASS = YES_ERROR;
				CLANG_WARN_QUOTED_INCLUDE_IN_FRAMEWORK_HEADER = YES;
				CLANG_WARN_RANGE_LOOP_ANALYSIS = YES;
				CLANG_WARN_STRICT_PROTOTYPES = YES;
				CLANG_WARN_SUSPICIOUS_MOVE = YES;
				CLANG_WARN_UNGUARDED_AVAILABILITY = YES_AGGRESSIVE;
				CLANG_WARN_UNREACHABLE_CODE = YES;
				CLANG_WARN__DUPLICATE_METHOD_MATCH = YES;
				COPY_PHASE_STRIP = NO;
				DEBUG_INFORMATION_FORMAT = dwarf;
				ENABLE_STRICT_OBJC_MSGSEND = YES;
				ENABLE_TESTABILITY = YES;
				ENABLE_USER_SCRIPT_SANDBOXING = YES;
				GCC_C_LANGUAGE_STANDARD = gnu17;
				GCC_DYNAMIC_NO_PIC = NO;
				GCC_NO_COMMON_BLOCKS = YES;
				GCC_OPTIMIZATION_LEVEL = 0;
				GCC_PREPROCESSOR_DEFINITIONS = (
					"DEBUG=1",
					"$(inherited)",
				);
				GCC_WARN_64_TO_32_BIT_CONVERSION = YES;
				GCC_WARN_ABOUT_RETURN_TYPE = YES_ERROR;
				GCC_WARN_UNDECLARED_SELECTOR = YES;
				GCC_WARN_UNINITIALIZED_AUTOS = YES_AGGRESSIVE;
				GCC_WARN_UNUSED_FUNCTION = YES;
				GCC_WARN_UNUSED_VARIABLE = YES;
				IPHONEOS_DEPLOYMENT_TARGET = 17.0;
				LOCALIZATION_PREFERS_STRING_CATALOGS = YES;
				MTL_ENABLE_DEBUG_INFO = INCLUDE_SOURCE;
				MTL_FAST_MATH = YES;
				ONLY_ACTIVE_ARCH = YES;
				SDKROOT = iphoneos;
				SWIFT_ACTIVE_COMPILATION_CONDITIONS = "DEBUG $(inherited)";
				SWIFT_OPTIMIZATION_LEVEL = "-Onone";
			};
			name = Debug;
		};
		8F25A9DB2CEAFA3600223ADD /* Release */ = {
			isa = XCBuildConfiguration;
			baseConfigurationReference = 8F6032972CEB3222000D2B55 /* Secret.xcconfig */;
			buildSettings = {
				ALWAYS_SEARCH_USER_PATHS = NO;
				ASSETCATALOG_COMPILER_GENERATE_SWIFT_ASSET_SYMBOL_EXTENSIONS = YES;
				CLANG_ANALYZER_NONNULL = YES;
				CLANG_ANALYZER_NUMBER_OBJECT_CONVERSION = YES_AGGRESSIVE;
				CLANG_CXX_LANGUAGE_STANDARD = "gnu++20";
				CLANG_ENABLE_MODULES = YES;
				CLANG_ENABLE_OBJC_ARC = YES;
				CLANG_ENABLE_OBJC_WEAK = YES;
				CLANG_WARN_BLOCK_CAPTURE_AUTORELEASING = YES;
				CLANG_WARN_BOOL_CONVERSION = YES;
				CLANG_WARN_COMMA = YES;
				CLANG_WARN_CONSTANT_CONVERSION = YES;
				CLANG_WARN_DEPRECATED_OBJC_IMPLEMENTATIONS = YES;
				CLANG_WARN_DIRECT_OBJC_ISA_USAGE = YES_ERROR;
				CLANG_WARN_DOCUMENTATION_COMMENTS = YES;
				CLANG_WARN_EMPTY_BODY = YES;
				CLANG_WARN_ENUM_CONVERSION = YES;
				CLANG_WARN_INFINITE_RECURSION = YES;
				CLANG_WARN_INT_CONVERSION = YES;
				CLANG_WARN_NON_LITERAL_NULL_CONVERSION = YES;
				CLANG_WARN_OBJC_IMPLICIT_RETAIN_SELF = YES;
				CLANG_WARN_OBJC_LITERAL_CONVERSION = YES;
				CLANG_WARN_OBJC_ROOT_CLASS = YES_ERROR;
				CLANG_WARN_QUOTED_INCLUDE_IN_FRAMEWORK_HEADER = YES;
				CLANG_WARN_RANGE_LOOP_ANALYSIS = YES;
				CLANG_WARN_STRICT_PROTOTYPES = YES;
				CLANG_WARN_SUSPICIOUS_MOVE = YES;
				CLANG_WARN_UNGUARDED_AVAILABILITY = YES_AGGRESSIVE;
				CLANG_WARN_UNREACHABLE_CODE = YES;
				CLANG_WARN__DUPLICATE_METHOD_MATCH = YES;
				COPY_PHASE_STRIP = NO;
				DEBUG_INFORMATION_FORMAT = "dwarf-with-dsym";
				ENABLE_NS_ASSERTIONS = NO;
				ENABLE_STRICT_OBJC_MSGSEND = YES;
				ENABLE_USER_SCRIPT_SANDBOXING = YES;
				GCC_C_LANGUAGE_STANDARD = gnu17;
				GCC_NO_COMMON_BLOCKS = YES;
				GCC_WARN_64_TO_32_BIT_CONVERSION = YES;
				GCC_WARN_ABOUT_RETURN_TYPE = YES_ERROR;
				GCC_WARN_UNDECLARED_SELECTOR = YES;
				GCC_WARN_UNINITIALIZED_AUTOS = YES_AGGRESSIVE;
				GCC_WARN_UNUSED_FUNCTION = YES;
				GCC_WARN_UNUSED_VARIABLE = YES;
				IPHONEOS_DEPLOYMENT_TARGET = 17.0;
				LOCALIZATION_PREFERS_STRING_CATALOGS = YES;
				MTL_ENABLE_DEBUG_INFO = NO;
				MTL_FAST_MATH = YES;
				SDKROOT = iphoneos;
				SWIFT_COMPILATION_MODE = wholemodule;
				VALIDATE_PRODUCT = YES;
			};
			name = Release;
		};
		8F25A9DD2CEAFA3600223ADD /* Debug */ = {
			isa = XCBuildConfiguration;
			baseConfigurationReference = 8F6032972CEB3222000D2B55 /* Secret.xcconfig */;
			buildSettings = {
				ASSETCATALOG_COMPILER_APPICON_NAME = AppIcon;
				ASSETCATALOG_COMPILER_GLOBAL_ACCENT_COLOR_NAME = AccentColor;
				CODE_SIGN_STYLE = Automatic;
				CURRENT_PROJECT_VERSION = 1;
				DEVELOPMENT_ASSET_PATHS = "\"MOHAENG/Preview Content\"";
				DEVELOPMENT_TEAM = 666996G6K9;
				ENABLE_PREVIEWS = YES;
				GENERATE_INFOPLIST_FILE = YES;
				INFOPLIST_FILE = MOHAENG/Info.plist;
				INFOPLIST_KEY_UIApplicationSceneManifest_Generation = YES;
				INFOPLIST_KEY_UIApplicationSupportsIndirectInputEvents = YES;
				INFOPLIST_KEY_UILaunchScreen_Generation = YES;
				INFOPLIST_KEY_UISupportedInterfaceOrientations_iPad = "UIInterfaceOrientationPortrait UIInterfaceOrientationPortraitUpsideDown UIInterfaceOrientationLandscapeLeft UIInterfaceOrientationLandscapeRight";
				INFOPLIST_KEY_UISupportedInterfaceOrientations_iPhone = "UIInterfaceOrientationPortrait UIInterfaceOrientationLandscapeLeft UIInterfaceOrientationLandscapeRight";
				IPHONEOS_DEPLOYMENT_TARGET = 17.0;
				LD_RUNPATH_SEARCH_PATHS = (
					"$(inherited)",
					"@executable_path/Frameworks",
				);
				MARKETING_VERSION = 1.0.0;
				PRODUCT_BUNDLE_IDENTIFIER = "https---github.com-jea0716.MOHAENG";
				PRODUCT_NAME = "$(TARGET_NAME)";
				SUPPORTED_PLATFORMS = "iphoneos iphonesimulator";
				SUPPORTS_MACCATALYST = NO;
				SUPPORTS_MAC_DESIGNED_FOR_IPHONE_IPAD = NO;
				SUPPORTS_XR_DESIGNED_FOR_IPHONE_IPAD = NO;
				SWIFT_EMIT_LOC_STRINGS = YES;
				SWIFT_VERSION = 5.0;
				TARGETED_DEVICE_FAMILY = 1;
			};
			name = Debug;
		};
		8F25A9DE2CEAFA3600223ADD /* Release */ = {
			isa = XCBuildConfiguration;
			baseConfigurationReference = 8F6032972CEB3222000D2B55 /* Secret.xcconfig */;
			buildSettings = {
				ASSETCATALOG_COMPILER_APPICON_NAME = AppIcon;
				ASSETCATALOG_COMPILER_GLOBAL_ACCENT_COLOR_NAME = AccentColor;
				CODE_SIGN_STYLE = Automatic;
				CURRENT_PROJECT_VERSION = 1;
				DEVELOPMENT_ASSET_PATHS = "\"MOHAENG/Preview Content\"";
				DEVELOPMENT_TEAM = 666996G6K9;
				ENABLE_PREVIEWS = YES;
				GENERATE_INFOPLIST_FILE = YES;
				INFOPLIST_FILE = MOHAENG/Info.plist;
				INFOPLIST_KEY_UIApplicationSceneManifest_Generation = YES;
				INFOPLIST_KEY_UIApplicationSupportsIndirectInputEvents = YES;
				INFOPLIST_KEY_UILaunchScreen_Generation = YES;
				INFOPLIST_KEY_UISupportedInterfaceOrientations_iPad = "UIInterfaceOrientationPortrait UIInterfaceOrientationPortraitUpsideDown UIInterfaceOrientationLandscapeLeft UIInterfaceOrientationLandscapeRight";
				INFOPLIST_KEY_UISupportedInterfaceOrientations_iPhone = "UIInterfaceOrientationPortrait UIInterfaceOrientationLandscapeLeft UIInterfaceOrientationLandscapeRight";
				IPHONEOS_DEPLOYMENT_TARGET = 17.0;
				LD_RUNPATH_SEARCH_PATHS = (
					"$(inherited)",
					"@executable_path/Frameworks",
				);
				MARKETING_VERSION = 1.0.0;
				PRODUCT_BUNDLE_IDENTIFIER = "https---github.com-jea0716.MOHAENG";
				PRODUCT_NAME = "$(TARGET_NAME)";
				SUPPORTED_PLATFORMS = "iphoneos iphonesimulator";
				SUPPORTS_MACCATALYST = NO;
				SUPPORTS_MAC_DESIGNED_FOR_IPHONE_IPAD = NO;
				SUPPORTS_XR_DESIGNED_FOR_IPHONE_IPAD = NO;
				SWIFT_EMIT_LOC_STRINGS = YES;
				SWIFT_VERSION = 5.0;
				TARGETED_DEVICE_FAMILY = 1;
			};
			name = Release;
		};
/* End XCBuildConfiguration section */

/* Begin XCConfigurationList section */
		8F25A9C92CEAFA3200223ADD /* Build configuration list for PBXProject "MOHAENG" */ = {
			isa = XCConfigurationList;
			buildConfigurations = (
				8F25A9DA2CEAFA3600223ADD /* Debug */,
				8F25A9DB2CEAFA3600223ADD /* Release */,
			);
			defaultConfigurationIsVisible = 0;
			defaultConfigurationName = Release;
		};
		8F25A9DC2CEAFA3600223ADD /* Build configuration list for PBXNativeTarget "MOHAENG" */ = {
			isa = XCConfigurationList;
			buildConfigurations = (
				8F25A9DD2CEAFA3600223ADD /* Debug */,
				8F25A9DE2CEAFA3600223ADD /* Release */,
			);
			defaultConfigurationIsVisible = 0;
			defaultConfigurationName = Release;
		};
/* End XCConfigurationList section */

/* Begin XCRemoteSwiftPackageReference section */
		8F13DDD82CEF222400CE488D /* XCRemoteSwiftPackageReference "Moya" */ = {
			isa = XCRemoteSwiftPackageReference;
			repositoryURL = "https://github.com/Moya/Moya.git";
			requirement = {
				kind = upToNextMajorVersion;
				minimumVersion = 15.0.3;
			};
		};
		8F14B3BC2CEB49E80080CACA /* XCRemoteSwiftPackageReference "KakaoMapsSDK-SPM" */ = {
			isa = XCRemoteSwiftPackageReference;
			repositoryURL = "https://github.com/kakao-mapsSDK/KakaoMapsSDK-SPM.git";
			requirement = {
				kind = upToNextMajorVersion;
				minimumVersion = 2.12.0;
			};
		};
/* End XCRemoteSwiftPackageReference section */

/* Begin XCSwiftPackageProductDependency section */
		8F13DDD92CEF222400CE488D /* CombineMoya */ = {
			isa = XCSwiftPackageProductDependency;
			package = 8F13DDD82CEF222400CE488D /* XCRemoteSwiftPackageReference "Moya" */;
			productName = CombineMoya;
		};
		8F13DDDB2CEF222400CE488D /* Moya */ = {
			isa = XCSwiftPackageProductDependency;
			package = 8F13DDD82CEF222400CE488D /* XCRemoteSwiftPackageReference "Moya" */;
			productName = Moya;
		};
		8F13DDDD2CEF222400CE488D /* ReactiveMoya */ = {
			isa = XCSwiftPackageProductDependency;
			package = 8F13DDD82CEF222400CE488D /* XCRemoteSwiftPackageReference "Moya" */;
			productName = ReactiveMoya;
		};
		8F13DDDF2CEF222400CE488D /* RxMoya */ = {
			isa = XCSwiftPackageProductDependency;
			package = 8F13DDD82CEF222400CE488D /* XCRemoteSwiftPackageReference "Moya" */;
			productName = RxMoya;
		};
		8F14B3BD2CEB49E80080CACA /* KakaoMapsSDK-SPM */ = {
			isa = XCSwiftPackageProductDependency;
			package = 8F14B3BC2CEB49E80080CACA /* XCRemoteSwiftPackageReference "KakaoMapsSDK-SPM" */;
			productName = "KakaoMapsSDK-SPM";
		};
/* End XCSwiftPackageProductDependency section */
	};
	rootObject = 8F25A9C62CEAFA3200223ADD /* Project object */;
}
