{
  "originHash" : "b9deccd30d26431dbdb22caaf025a07b15001cd6a13f38af4460b15157f1145a",
  "pins" : [
    {
      "identity" : "kakaomapssdk-spm",
      "kind" : "remoteSourceControl",
      "location" : "https://github.com/kakao-mapsSDK/KakaoMapsSDK-SPM.git",
      "state" : {
        "revision" : "ddeadbe5166909370b7518366ad5ebd517452be6",
        "version" : "2.12.0"
      }
    }
  ],
  "version" : 3
}
